
Microsoft Visual Studio Solution File, Format Version 12.00
# Visual Studio Version 16
VisualStudioVersion = 16.0.31205.134
MinimumVisualStudioVersion = 10.0.40219.1
Project("{FAE04EC0-301F-11D3-BF4B-00C04F79EFBC}") = "Parser_09_2022", "Parser_09_2022\Parser_09_2022.csproj", "{FD21441A-7E5F-45F7-809F-AEDD3A9AEBAC}"
EndProject
Global
	GlobalSection(SolutionConfigurationPlatforms) = preSolution
		Debug|Any CPU = Debug|Any CPU
		Release|Any CPU = Release|Any CPU
	EndGlobalSection
	GlobalSection(ProjectConfigurationPlatforms) = postSolution
		{FD21441A-7E5F-45F7-809F-AEDD3A9AEBAC}.Debug|Any CPU.ActiveCfg = Debug|Any CPU
		{FD21441A-7E5F-45F7-809F-AEDD3A9AEBAC}.Debug|Any CPU.Build.0 = Debug|Any CPU
		{FD21441A-7E5F-45F7-809F-AEDD3A9AEBAC}.Release|Any CPU.ActiveCfg = Release|Any CPU
		{FD21441A-7E5F-45F7-809F-AEDD3A9AEBAC}.Release|Any CPU.Build.0 = Release|Any CPU
	EndGlobalSection
	GlobalSection(SolutionProperties) = preSolution
		HideSolutionNode = FALSE
	EndGlobalSection
	GlobalSection(ExtensibilityGlobals) = postSolution
		SolutionGuid = {54BFF327-0E8A-4D0A-B525-80604EBC2C1F}
	EndGlobalSection
EndGlobal
